
Microsoft Visual Studio Solution File, Format Version 12.00
# Visual Studio 15
VisualStudioVersion = 15.0.27703.2035
MinimumVisualStudioVersion = 10.0.40219.1
Project("{2150E333-8FDC-42A3-9474-1A3956D46DE8}") = "src", "src", "{D07849FD-F9D0-4E9C-9280-6D7716A55F5B}"
EndProject
Project("{2150E333-8FDC-42A3-9474-1A3956D46DE8}") = "test", "test", "{4FF17126-77C2-4062-A750-91C213373977}"
EndProject
Project("{2150E333-8FDC-42A3-9474-1A3956D46DE8}") = "Services", "Services", "{680C6F9F-CCD5-49DE-AA6B-6997C7E386F7}"
EndProject
Project("{2150E333-8FDC-42A3-9474-1A3956D46DE8}") = "Pricing", "Pricing", "{9C7AF1C6-01B7-41C9-9F94-8CA56476B52A}"
EndProject
Project("{2150E333-8FDC-42A3-9474-1A3956D46DE8}") = "Policy", "Policy", "{BD6A031D-9D34-4C21-96BD-FDE1DB763374}"
EndProject
Project("{2150E333-8FDC-42A3-9474-1A3956D46DE8}") = "Payment", "Payment", "{C8DCEA36-92D7-4F90-891E-A9053D1AC150}"
EndProject
Project("{9A19103F-16F7-4668-BE54-9A1E7A4F7556}") = "Payment.Api", "src\Services\Payment\Payment.Api\Payment.Api.csproj", "{A5AFE582-A666-4CC4-A7D5-88E8A9EA5A10}"
EndProject
Project("{9A19103F-16F7-4668-BE54-9A1E7A4F7556}") = "Payment.DataAccess.MongoDb", "src\Services\Payment\Payment.DataAccess.MongoDb\Payment.DataAccess.MongoDb.csproj", "{6217A9A4-EEF8-467E-8755-432251C26CA9}"
EndProject
Project("{9A19103F-16F7-4668-BE54-9A1E7A4F7556}") = "Policy.Api", "src\Services\Policy\Policy.Api\Policy.Api.csproj", "{2947A030-9A23-4D4A-BDE1-F9EF2E0231E8}"
EndProject
Project("{9A19103F-16F7-4668-BE54-9A1E7A4F7556}") = "Policy.DataAccess.SqlServer", "src\Services\Policy\Policy.DataAccess.SqlServer\Policy.DataAccess.SqlServer.csproj", "{068F641C-B35C-4502-996E-4553759AFBA0}"
EndProject
Project("{00D1A9C2-B5F0-4AF3-8072-F6C62B433612}") = "Policy.Database", "src\Services\Policy\Policy.Database\Policy.Database.sqlproj", "{60EB95E5-70EC-4C25-BB90-4F4D155C5124}"
EndProject
Project("{9A19103F-16F7-4668-BE54-9A1E7A4F7556}") = "Policy.Domain", "src\Services\Policy\Policy.Domain\Policy.Domain.csproj", "{3FA4F1C9-C439-4881-BB69-BECC54BC7D94}"
EndProject
Project("{9A19103F-16F7-4668-BE54-9A1E7A4F7556}") = "Pricing.Api", "src\Services\Pricing\Pricing.Api\Pricing.Api.csproj", "{85F00FFB-C392-4452-B249-99737E651619}"
EndProject
Project("{9A19103F-16F7-4668-BE54-9A1E7A4F7556}") = "Pricing.DataAccess.PostgreSql", "src\Services\Pricing\Pricing.DataAccess.PostgreSql\Pricing.DataAccess.PostgreSql.csproj", "{D59B3938-8020-4C04-A291-F8694554633A}"
EndProject
Project("{9A19103F-16F7-4668-BE54-9A1E7A4F7556}") = "Pricing.Domain", "src\Services\Pricing\Pricing.Domain\Pricing.Domain.csproj", "{AFF4DD92-CB09-4959-B786-CFDD7FAAE84A}"
EndProject
Project("{9A19103F-16F7-4668-BE54-9A1E7A4F7556}") = "Payment.Domain", "src\Services\Payment\Payment.Domain\Payment.Domain.csproj", "{1189A9CB-320C-4C94-8B3D-8143C8B8EB53}"
EndProject
Project("{2150E333-8FDC-42A3-9474-1A3956D46DE8}") = "Core", "Core", "{26AC221A-861F-4236-9EB3-A61C030ED928}"
EndProject
Project("{9A19103F-16F7-4668-BE54-9A1E7A4F7556}") = "EventBus", "src\Core\EventBus\EventBus.csproj", "{C970187C-5D28-48CB-9875-A80923BF8725}"
EndProject
Project("{9A19103F-16F7-4668-BE54-9A1E7A4F7556}") = "Common", "src\Core\Common\Common.csproj", "{6E6F5B79-4145-42AD-8CB7-FF62C7B456E7}"
EndProject
Project("{9A19103F-16F7-4668-BE54-9A1E7A4F7556}") = "Messages", "src\Core\Messages\Messages.csproj", "{6754CDFD-052B-49E7-8EF6-AEAB50B09C12}"
EndProject
Project("{2150E333-8FDC-42A3-9474-1A3956D46DE8}") = "ApiGateways", "ApiGateways", "{C03B5513-83F8-4D1A-B7D6-744FCBEDB2FB}"
EndProject
Project("{9A19103F-16F7-4668-BE54-9A1E7A4F7556}") = "MicroDemo.Api", "src\ApiGateways\MicroDemo.Api\MicroDemo.Api.csproj", "{B2CF6B7E-6D7A-4661-89D5-32441DCD6AB7}"
EndProject
Project("{E53339B2-1760-4266-BCC7-CA923CBCF16C}") = "docker-compose", "docker-compose.dcproj", "{3F1A9E2C-1EE4-43EE-ADFA-A32C93C9A6BE}"
EndProject
Project("{FAE04EC0-301F-11D3-BF4B-00C04F79EFBC}") = "MassTransitEventBus", "src\Core\MassTransitEventBus\MassTransitEventBus.csproj", "{69DB6AA9-A4B0-4F8C-922F-B7DB1BFD122D}"
EndProject
Global
	GlobalSection(SolutionConfigurationPlatforms) = preSolution
		Debug|Any CPU = Debug|Any CPU
		Release|Any CPU = Release|Any CPU
	EndGlobalSection
	GlobalSection(ProjectConfigurationPlatforms) = postSolution
		{A5AFE582-A666-4CC4-A7D5-88E8A9EA5A10}.Debug|Any CPU.ActiveCfg = Debug|Any CPU
		{A5AFE582-A666-4CC4-A7D5-88E8A9EA5A10}.Debug|Any CPU.Build.0 = Debug|Any CPU
		{A5AFE582-A666-4CC4-A7D5-88E8A9EA5A10}.Release|Any CPU.ActiveCfg = Release|Any CPU
		{A5AFE582-A666-4CC4-A7D5-88E8A9EA5A10}.Release|Any CPU.Build.0 = Release|Any CPU
		{6217A9A4-EEF8-467E-8755-432251C26CA9}.Debug|Any CPU.ActiveCfg = Debug|Any CPU
		{6217A9A4-EEF8-467E-8755-432251C26CA9}.Debug|Any CPU.Build.0 = Debug|Any CPU
		{6217A9A4-EEF8-467E-8755-432251C26CA9}.Release|Any CPU.ActiveCfg = Release|Any CPU
		{6217A9A4-EEF8-467E-8755-432251C26CA9}.Release|Any CPU.Build.0 = Release|Any CPU
		{2947A030-9A23-4D4A-BDE1-F9EF2E0231E8}.Debug|Any CPU.ActiveCfg = Debug|Any CPU
		{2947A030-9A23-4D4A-BDE1-F9EF2E0231E8}.Debug|Any CPU.Build.0 = Debug|Any CPU
		{2947A030-9A23-4D4A-BDE1-F9EF2E0231E8}.Release|Any CPU.ActiveCfg = Release|Any CPU
		{2947A030-9A23-4D4A-BDE1-F9EF2E0231E8}.Release|Any CPU.Build.0 = Release|Any CPU
		{068F641C-B35C-4502-996E-4553759AFBA0}.Debug|Any CPU.ActiveCfg = Debug|Any CPU
		{068F641C-B35C-4502-996E-4553759AFBA0}.Debug|Any CPU.Build.0 = Debug|Any CPU
		{068F641C-B35C-4502-996E-4553759AFBA0}.Release|Any CPU.ActiveCfg = Release|Any CPU
		{068F641C-B35C-4502-996E-4553759AFBA0}.Release|Any CPU.Build.0 = Release|Any CPU
		{60EB95E5-70EC-4C25-BB90-4F4D155C5124}.Debug|Any CPU.ActiveCfg = Debug|Any CPU
		{60EB95E5-70EC-4C25-BB90-4F4D155C5124}.Debug|Any CPU.Build.0 = Debug|Any CPU
		{60EB95E5-70EC-4C25-BB90-4F4D155C5124}.Debug|Any CPU.Deploy.0 = Debug|Any CPU
		{60EB95E5-70EC-4C25-BB90-4F4D155C5124}.Release|Any CPU.ActiveCfg = Release|Any CPU
		{60EB95E5-70EC-4C25-BB90-4F4D155C5124}.Release|Any CPU.Build.0 = Release|Any CPU
		{60EB95E5-70EC-4C25-BB90-4F4D155C5124}.Release|Any CPU.Deploy.0 = Release|Any CPU
		{3FA4F1C9-C439-4881-BB69-BECC54BC7D94}.Debug|Any CPU.ActiveCfg = Debug|Any CPU
		{3FA4F1C9-C439-4881-BB69-BECC54BC7D94}.Debug|Any CPU.Build.0 = Debug|Any CPU
		{3FA4F1C9-C439-4881-BB69-BECC54BC7D94}.Release|Any CPU.ActiveCfg = Release|Any CPU
		{3FA4F1C9-C439-4881-BB69-BECC54BC7D94}.Release|Any CPU.Build.0 = Release|Any CPU
		{85F00FFB-C392-4452-B249-99737E651619}.Debug|Any CPU.ActiveCfg = Debug|Any CPU
		{85F00FFB-C392-4452-B249-99737E651619}.Debug|Any CPU.Build.0 = Debug|Any CPU
		{85F00FFB-C392-4452-B249-99737E651619}.Release|Any CPU.ActiveCfg = Release|Any CPU
		{85F00FFB-C392-4452-B249-99737E651619}.Release|Any CPU.Build.0 = Release|Any CPU
		{D59B3938-8020-4C04-A291-F8694554633A}.Debug|Any CPU.ActiveCfg = Debug|Any CPU
		{D59B3938-8020-4C04-A291-F8694554633A}.Debug|Any CPU.Build.0 = Debug|Any CPU
		{D59B3938-8020-4C04-A291-F8694554633A}.Release|Any CPU.ActiveCfg = Release|Any CPU
		{D59B3938-8020-4C04-A291-F8694554633A}.Release|Any CPU.Build.0 = Release|Any CPU
		{AFF4DD92-CB09-4959-B786-CFDD7FAAE84A}.Debug|Any CPU.ActiveCfg = Debug|Any CPU
		{AFF4DD92-CB09-4959-B786-CFDD7FAAE84A}.Debug|Any CPU.Build.0 = Debug|Any CPU
		{AFF4DD92-CB09-4959-B786-CFDD7FAAE84A}.Release|Any CPU.ActiveCfg = Release|Any CPU
		{AFF4DD92-CB09-4959-B786-CFDD7FAAE84A}.Release|Any CPU.Build.0 = Release|Any CPU
		{1189A9CB-320C-4C94-8B3D-8143C8B8EB53}.Debug|Any CPU.ActiveCfg = Debug|Any CPU
		{1189A9CB-320C-4C94-8B3D-8143C8B8EB53}.Debug|Any CPU.Build.0 = Debug|Any CPU
		{1189A9CB-320C-4C94-8B3D-8143C8B8EB53}.Release|Any CPU.ActiveCfg = Release|Any CPU
		{1189A9CB-320C-4C94-8B3D-8143C8B8EB53}.Release|Any CPU.Build.0 = Release|Any CPU
		{C970187C-5D28-48CB-9875-A80923BF8725}.Debug|Any CPU.ActiveCfg = Debug|Any CPU
		{C970187C-5D28-48CB-9875-A80923BF8725}.Debug|Any CPU.Build.0 = Debug|Any CPU
		{C970187C-5D28-48CB-9875-A80923BF8725}.Release|Any CPU.ActiveCfg = Release|Any CPU
		{C970187C-5D28-48CB-9875-A80923BF8725}.Release|Any CPU.Build.0 = Release|Any CPU
		{6E6F5B79-4145-42AD-8CB7-FF62C7B456E7}.Debug|Any CPU.ActiveCfg = Debug|Any CPU
		{6E6F5B79-4145-42AD-8CB7-FF62C7B456E7}.Debug|Any CPU.Build.0 = Debug|Any CPU
		{6E6F5B79-4145-42AD-8CB7-FF62C7B456E7}.Release|Any CPU.ActiveCfg = Release|Any CPU
		{6E6F5B79-4145-42AD-8CB7-FF62C7B456E7}.Release|Any CPU.Build.0 = Release|Any CPU
		{6754CDFD-052B-49E7-8EF6-AEAB50B09C12}.Debug|Any CPU.ActiveCfg = Debug|Any CPU
		{6754CDFD-052B-49E7-8EF6-AEAB50B09C12}.Debug|Any CPU.Build.0 = Debug|Any CPU
		{6754CDFD-052B-49E7-8EF6-AEAB50B09C12}.Release|Any CPU.ActiveCfg = Release|Any CPU
		{6754CDFD-052B-49E7-8EF6-AEAB50B09C12}.Release|Any CPU.Build.0 = Release|Any CPU
		{B2CF6B7E-6D7A-4661-89D5-32441DCD6AB7}.Debug|Any CPU.ActiveCfg = Debug|Any CPU
		{B2CF6B7E-6D7A-4661-89D5-32441DCD6AB7}.Debug|Any CPU.Build.0 = Debug|Any CPU
		{B2CF6B7E-6D7A-4661-89D5-32441DCD6AB7}.Release|Any CPU.ActiveCfg = Release|Any CPU
		{B2CF6B7E-6D7A-4661-89D5-32441DCD6AB7}.Release|Any CPU.Build.0 = Release|Any CPU
		{3F1A9E2C-1EE4-43EE-ADFA-A32C93C9A6BE}.Debug|Any CPU.ActiveCfg = Debug|Any CPU
		{3F1A9E2C-1EE4-43EE-ADFA-A32C93C9A6BE}.Debug|Any CPU.Build.0 = Debug|Any CPU
		{3F1A9E2C-1EE4-43EE-ADFA-A32C93C9A6BE}.Release|Any CPU.ActiveCfg = Release|Any CPU
		{3F1A9E2C-1EE4-43EE-ADFA-A32C93C9A6BE}.Release|Any CPU.Build.0 = Release|Any CPU
		{69DB6AA9-A4B0-4F8C-922F-B7DB1BFD122D}.Debug|Any CPU.ActiveCfg = Debug|Any CPU
		{69DB6AA9-A4B0-4F8C-922F-B7DB1BFD122D}.Debug|Any CPU.Build.0 = Debug|Any CPU
		{69DB6AA9-A4B0-4F8C-922F-B7DB1BFD122D}.Release|Any CPU.ActiveCfg = Release|Any CPU
		{69DB6AA9-A4B0-4F8C-922F-B7DB1BFD122D}.Release|Any CPU.Build.0 = Release|Any CPU
	EndGlobalSection
	GlobalSection(SolutionProperties) = preSolution
		HideSolutionNode = FALSE
	EndGlobalSection
	GlobalSection(NestedProjects) = preSolution
		{680C6F9F-CCD5-49DE-AA6B-6997C7E386F7} = {D07849FD-F9D0-4E9C-9280-6D7716A55F5B}
		{9C7AF1C6-01B7-41C9-9F94-8CA56476B52A} = {680C6F9F-CCD5-49DE-AA6B-6997C7E386F7}
		{BD6A031D-9D34-4C21-96BD-FDE1DB763374} = {680C6F9F-CCD5-49DE-AA6B-6997C7E386F7}
		{C8DCEA36-92D7-4F90-891E-A9053D1AC150} = {680C6F9F-CCD5-49DE-AA6B-6997C7E386F7}
		{A5AFE582-A666-4CC4-A7D5-88E8A9EA5A10} = {C8DCEA36-92D7-4F90-891E-A9053D1AC150}
		{6217A9A4-EEF8-467E-8755-432251C26CA9} = {C8DCEA36-92D7-4F90-891E-A9053D1AC150}
		{2947A030-9A23-4D4A-BDE1-F9EF2E0231E8} = {BD6A031D-9D34-4C21-96BD-FDE1DB763374}
		{068F641C-B35C-4502-996E-4553759AFBA0} = {BD6A031D-9D34-4C21-96BD-FDE1DB763374}
		{60EB95E5-70EC-4C25-BB90-4F4D155C5124} = {BD6A031D-9D34-4C21-96BD-FDE1DB763374}
		{3FA4F1C9-C439-4881-BB69-BECC54BC7D94} = {BD6A031D-9D34-4C21-96BD-FDE1DB763374}
		{85F00FFB-C392-4452-B249-99737E651619} = {9C7AF1C6-01B7-41C9-9F94-8CA56476B52A}
		{D59B3938-8020-4C04-A291-F8694554633A} = {9C7AF1C6-01B7-41C9-9F94-8CA56476B52A}
		{AFF4DD92-CB09-4959-B786-CFDD7FAAE84A} = {9C7AF1C6-01B7-41C9-9F94-8CA56476B52A}
		{1189A9CB-320C-4C94-8B3D-8143C8B8EB53} = {C8DCEA36-92D7-4F90-891E-A9053D1AC150}
		{26AC221A-861F-4236-9EB3-A61C030ED928} = {D07849FD-F9D0-4E9C-9280-6D7716A55F5B}
		{C970187C-5D28-48CB-9875-A80923BF8725} = {26AC221A-861F-4236-9EB3-A61C030ED928}
		{6E6F5B79-4145-42AD-8CB7-FF62C7B456E7} = {26AC221A-861F-4236-9EB3-A61C030ED928}
		{6754CDFD-052B-49E7-8EF6-AEAB50B09C12} = {26AC221A-861F-4236-9EB3-A61C030ED928}
		{C03B5513-83F8-4D1A-B7D6-744FCBEDB2FB} = {D07849FD-F9D0-4E9C-9280-6D7716A55F5B}
		{B2CF6B7E-6D7A-4661-89D5-32441DCD6AB7} = {C03B5513-83F8-4D1A-B7D6-744FCBEDB2FB}
		{69DB6AA9-A4B0-4F8C-922F-B7DB1BFD122D} = {26AC221A-861F-4236-9EB3-A61C030ED928}
	EndGlobalSection
	GlobalSection(ExtensibilityGlobals) = postSolution
		SolutionGuid = {9FC04587-5552-4048-A0FF-2F049B3CD433}
	EndGlobalSection
EndGlobal
